
Microsoft Visual Studio Solution File, Format Version 12.00
# Visual Studio Version 17
VisualStudioVersion = 17.6.33801.468
MinimumVisualStudioVersion = 10.0.40219.1
Project("{9A19103F-16F7-4668-BE54-9A1E7A4F7556}") = "Zulu.API", "Zulu.API\Zulu.API.csproj", "{1F129DCB-F430-47D1-A68C-1EA1E0B8ED76}"
EndProject
Project("{FAE04EC0-301F-11D3-BF4B-00C04F79EFBC}") = "Zulu.API.Test", "Zulu.API.Test\Zulu.API.Test.csproj", "{2EA6B338-3A52-46C1-AF62-1FF8A0FDA458}"
EndProject
Global
	GlobalSection(SolutionConfigurationPlatforms) = preSolution
		Debug|Any CPU = Debug|Any CPU
		Release|Any CPU = Release|Any CPU
	EndGlobalSection
	GlobalSection(ProjectConfigurationPlatforms) = postSolution
		{1F129DCB-F430-47D1-A68C-1EA1E0B8ED76}.Debug|Any CPU.ActiveCfg = Debug|Any CPU
		{1F129DCB-F430-47D1-A68C-1EA1E0B8ED76}.Debug|Any CPU.Build.0 = Debug|Any CPU
		{1F129DCB-F430-47D1-A68C-1EA1E0B8ED76}.Release|Any CPU.ActiveCfg = Release|Any CPU
		{1F129DCB-F430-47D1-A68C-1EA1E0B8ED76}.Release|Any CPU.Build.0 = Release|Any CPU
		{2EA6B338-3A52-46C1-AF62-1FF8A0FDA458}.Debug|Any CPU.ActiveCfg = Debug|Any CPU
		{2EA6B338-3A52-46C1-AF62-1FF8A0FDA458}.Debug|Any CPU.Build.0 = Debug|Any CPU
		{2EA6B338-3A52-46C1-AF62-1FF8A0FDA458}.Release|Any CPU.ActiveCfg = Release|Any CPU
		{2EA6B338-3A52-46C1-AF62-1FF8A0FDA458}.Release|Any CPU.Build.0 = Release|Any CPU
	EndGlobalSection
	GlobalSection(SolutionProperties) = preSolution
		HideSolutionNode = FALSE
	EndGlobalSection
	GlobalSection(ExtensibilityGlobals) = postSolution
		SolutionGuid = {8C49D5F6-998A-4C2E-BAE1-BC31942A5463}
	EndGlobalSection
EndGlobal
